
Microsoft Visual Studio Solution File, Format Version 12.00
# Visual Studio Version 16
VisualStudioVersion = 16.6.30114.105
MinimumVisualStudioVersion = 10.0.40219.1
Project("{9A19103F-16F7-4668-BE54-9A1E7A4F7556}") = "R5T.I0089-1001", "R5T.I0089-1001\R5T.I0089-1001.csproj", "{5B65AB05-ABFC-4CDC-816E-842C1939B5B7}"
EndProject
Project("{2150E333-8FDC-42A3-9474-1A3956D46DE8}") = "_Dependencies", "_Dependencies", "{8D12DDAC-39DF-4364-B7FC-E21FC2ED6A6A}"
EndProject
Project("{9A19103F-16F7-4668-BE54-9A1E7A4F7556}") = "R5T.D0089.Base", "..\..\R5T.D0089\source\R5T.D0089.Base\R5T.D0089.Base.csproj", "{228DBBC6-5B56-4305-8D0A-936387615266}"
EndProject
Project("{9A19103F-16F7-4668-BE54-9A1E7A4F7556}") = "R5T.D1001.Base", "..\..\R5T.D1001\source\R5T.D1001.Base\R5T.D1001.Base.csproj", "{1089ACBA-B767-4966-80BA-35DCB07BFB72}"
EndProject
Project("{9A19103F-16F7-4668-BE54-9A1E7A4F7556}") = "R5T.D1001.A001", "..\..\R5T.D1001\source\R5T.D1001.A001\R5T.D1001.A001.csproj", "{68CFF379-2C13-4607-AE97-9ECC93B04555}"
EndProject
Global
	GlobalSection(SolutionConfigurationPlatforms) = preSolution
		Debug|Any CPU = Debug|Any CPU
		Debug|x64 = Debug|x64
		Debug|x86 = Debug|x86
		Release|Any CPU = Release|Any CPU
		Release|x64 = Release|x64
		Release|x86 = Release|x86
	EndGlobalSection
	GlobalSection(ProjectConfigurationPlatforms) = postSolution
		{5B65AB05-ABFC-4CDC-816E-842C1939B5B7}.Debug|Any CPU.ActiveCfg = Debug|Any CPU
		{5B65AB05-ABFC-4CDC-816E-842C1939B5B7}.Debug|Any CPU.Build.0 = Debug|Any CPU
		{5B65AB05-ABFC-4CDC-816E-842C1939B5B7}.Debug|x64.ActiveCfg = Debug|Any CPU
		{5B65AB05-ABFC-4CDC-816E-842C1939B5B7}.Debug|x64.Build.0 = Debug|Any CPU
		{5B65AB05-ABFC-4CDC-816E-842C1939B5B7}.Debug|x86.ActiveCfg = Debug|Any CPU
		{5B65AB05-ABFC-4CDC-816E-842C1939B5B7}.Debug|x86.Build.0 = Debug|Any CPU
		{5B65AB05-ABFC-4CDC-816E-842C1939B5B7}.Release|Any CPU.ActiveCfg = Release|Any CPU
		{5B65AB05-ABFC-4CDC-816E-842C1939B5B7}.Release|Any CPU.Build.0 = Release|Any CPU
		{5B65AB05-ABFC-4CDC-816E-842C1939B5B7}.Release|x64.ActiveCfg = Release|Any CPU
		{5B65AB05-ABFC-4CDC-816E-842C1939B5B7}.Release|x64.Build.0 = Release|Any CPU
		{5B65AB05-ABFC-4CDC-816E-842C1939B5B7}.Release|x86.ActiveCfg = Release|Any CPU
		{5B65AB05-ABFC-4CDC-816E-842C1939B5B7}.Release|x86.Build.0 = Release|Any CPU
		{228DBBC6-5B56-4305-8D0A-936387615266}.Debug|Any CPU.ActiveCfg = Debug|Any CPU
		{228DBBC6-5B56-4305-8D0A-936387615266}.Debug|Any CPU.Build.0 = Debug|Any CPU
		{228DBBC6-5B56-4305-8D0A-936387615266}.Debug|x64.ActiveCfg = Debug|Any CPU
		{228DBBC6-5B56-4305-8D0A-936387615266}.Debug|x64.Build.0 = Debug|Any CPU
		{228DBBC6-5B56-4305-8D0A-936387615266}.Debug|x86.ActiveCfg = Debug|Any CPU
		{228DBBC6-5B56-4305-8D0A-936387615266}.Debug|x86.Build.0 = Debug|Any CPU
		{228DBBC6-5B56-4305-8D0A-936387615266}.Release|Any CPU.ActiveCfg = Release|Any CPU
		{228DBBC6-5B56-4305-8D0A-936387615266}.Release|Any CPU.Build.0 = Release|Any CPU
		{228DBBC6-5B56-4305-8D0A-936387615266}.Release|x64.ActiveCfg = Release|Any CPU
		{228DBBC6-5B56-4305-8D0A-936387615266}.Release|x64.Build.0 = Release|Any CPU
		{228DBBC6-5B56-4305-8D0A-936387615266}.Release|x86.ActiveCfg = Release|Any CPU
		{228DBBC6-5B56-4305-8D0A-936387615266}.Release|x86.Build.0 = Release|Any CPU
		{1089ACBA-B767-4966-80BA-35DCB07BFB72}.Debug|Any CPU.ActiveCfg = Debug|Any CPU
		{1089ACBA-B767-4966-80BA-35DCB07BFB72}.Debug|Any CPU.Build.0 = Debug|Any CPU
		{1089ACBA-B767-4966-80BA-35DCB07BFB72}.Debug|x64.ActiveCfg = Debug|Any CPU
		{1089ACBA-B767-4966-80BA-35DCB07BFB72}.Debug|x64.Build.0 = Debug|Any CPU
		{1089ACBA-B767-4966-80BA-35DCB07BFB72}.Debug|x86.ActiveCfg = Debug|Any CPU
		{1089ACBA-B767-4966-80BA-35DCB07BFB72}.Debug|x86.Build.0 = Debug|Any CPU
		{1089ACBA-B767-4966-80BA-35DCB07BFB72}.Release|Any CPU.ActiveCfg = Release|Any CPU
		{1089ACBA-B767-4966-80BA-35DCB07BFB72}.Release|Any CPU.Build.0 = Release|Any CPU
		{1089ACBA-B767-4966-80BA-35DCB07BFB72}.Release|x64.ActiveCfg = Release|Any CPU
		{1089ACBA-B767-4966-80BA-35DCB07BFB72}.Release|x64.Build.0 = Release|Any CPU
		{1089ACBA-B767-4966-80BA-35DCB07BFB72}.Release|x86.ActiveCfg = Release|Any CPU
		{1089ACBA-B767-4966-80BA-35DCB07BFB72}.Release|x86.Build.0 = Release|Any CPU
		{68CFF379-2C13-4607-AE97-9ECC93B04555}.Debug|Any CPU.ActiveCfg = Debug|Any CPU
		{68CFF379-2C13-4607-AE97-9ECC93B04555}.Debug|Any CPU.Build.0 = Debug|Any CPU
		{68CFF379-2C13-4607-AE97-9ECC93B04555}.Debug|x64.ActiveCfg = Debug|Any CPU
		{68CFF379-2C13-4607-AE97-9ECC93B04555}.Debug|x64.Build.0 = Debug|Any CPU
		{68CFF379-2C13-4607-AE97-9ECC93B04555}.Debug|x86.ActiveCfg = Debug|Any CPU
		{68CFF379-2C13-4607-AE97-9ECC93B04555}.Debug|x86.Build.0 = Debug|Any CPU
		{68CFF379-2C13-4607-AE97-9ECC93B04555}.Release|Any CPU.ActiveCfg = Release|Any CPU
		{68CFF379-2C13-4607-AE97-9ECC93B04555}.Release|Any CPU.Build.0 = Release|Any CPU
		{68CFF379-2C13-4607-AE97-9ECC93B04555}.Release|x64.ActiveCfg = Release|Any CPU
		{68CFF379-2C13-4607-AE97-9ECC93B04555}.Release|x64.Build.0 = Release|Any CPU
		{68CFF379-2C13-4607-AE97-9ECC93B04555}.Release|x86.ActiveCfg = Release|Any CPU
		{68CFF379-2C13-4607-AE97-9ECC93B04555}.Release|x86.Build.0 = Release|Any CPU
	EndGlobalSection
	GlobalSection(SolutionProperties) = preSolution
		HideSolutionNode = FALSE
	EndGlobalSection
	GlobalSection(NestedProjects) = preSolution
		{228DBBC6-5B56-4305-8D0A-936387615266} = {8D12DDAC-39DF-4364-B7FC-E21FC2ED6A6A}
		{1089ACBA-B767-4966-80BA-35DCB07BFB72} = {8D12DDAC-39DF-4364-B7FC-E21FC2ED6A6A}
		{68CFF379-2C13-4607-AE97-9ECC93B04555} = {8D12DDAC-39DF-4364-B7FC-E21FC2ED6A6A}
	EndGlobalSection
	GlobalSection(ExtensibilityGlobals) = postSolution
		SolutionGuid = {519FE61C-AAF6-4F28-8C62-FA3B0BB5ECEE}
	EndGlobalSection
EndGlobal
