
Microsoft Visual Studio Solution File, Format Version 12.00
# Visual Studio Version 17
VisualStudioVersion = 17.2.32630.192
MinimumVisualStudioVersion = 10.0.40219.1
Project("{FAE04EC0-301F-11D3-BF4B-00C04F79EFBC}") = "R5T.I0089-1001.Construction", "R5T.I0089-1001.Construction\R5T.I0089-1001.Construction.csproj", "{13DE24E7-979D-44A5-A866-B772BFFF99DF}"
EndProject
Project("{FAE04EC0-301F-11D3-BF4B-00C04F79EFBC}") = "R5T.I0089-1001", "R5T.I0089-1001\R5T.I0089-1001.csproj", "{F26AADE0-1D37-4AF8-A2E4-33DB16F453ED}"
EndProject
Project("{2150E333-8FDC-42A3-9474-1A3956D46DE8}") = "_Dependencies", "_Dependencies", "{59A61D46-E5CC-4A9A-8C6C-700C17736201}"
EndProject
Project("{FAE04EC0-301F-11D3-BF4B-00C04F79EFBC}") = "R5T.T0064", "..\..\R5T.T0064\source\R5T.T0064\R5T.T0064.csproj", "{3C0082FB-0F14-44E0-96D4-1580CD15B9E0}"
EndProject
Project("{9A19103F-16F7-4668-BE54-9A1E7A4F7556}") = "R5T.D0088.Base", "..\..\R5T.D0088\source\R5T.D0088.Base\R5T.D0088.Base.csproj", "{5BBEDE6A-FDA7-4135-BA04-43DF40D185B1}"
EndProject
Project("{9A19103F-16F7-4668-BE54-9A1E7A4F7556}") = "R5T.D0089.Base", "..\..\R5T.D0089\source\R5T.D0089.Base\R5T.D0089.Base.csproj", "{6DFF7C8B-2965-4CE7-90F5-56F3075BB923}"
EndProject
Project("{9A19103F-16F7-4668-BE54-9A1E7A4F7556}") = "R5T.D1001.A001", "..\..\R5T.D1001\source\R5T.D1001.A001\R5T.D1001.A001.csproj", "{152830F8-CE9E-4495-A254-66576A6D2F46}"
EndProject
Project("{9A19103F-16F7-4668-BE54-9A1E7A4F7556}") = "R5T.D1001.Base", "..\..\R5T.D1001\source\R5T.D1001.Base\R5T.D1001.Base.csproj", "{3A96B23B-C25E-4D91-9814-56D3AB7F2555}"
EndProject
Project("{9A19103F-16F7-4668-BE54-9A1E7A4F7556}") = "R5T.D1001.I001", "..\..\R5T.D1001\source\R5T.D1001.I001\R5T.D1001.I001.csproj", "{7BD821B4-EE55-4435-BB39-6DEEB75F09E5}"
EndProject
Project("{9A19103F-16F7-4668-BE54-9A1E7A4F7556}") = "R5T.L0013", "..\..\R5T.L0013\source\R5T.L0013\R5T.L0013.csproj", "{641CC3ED-49BB-4DFB-9539-38DDC1CD7F77}"
EndProject
Project("{9A19103F-16F7-4668-BE54-9A1E7A4F7556}") = "R5T.L0015", "..\..\R5T.L0015\source\R5T.L0015\R5T.L0015.csproj", "{BC5D8AD9-5815-4D7E-83E8-A2938221426B}"
EndProject
Project("{9A19103F-16F7-4668-BE54-9A1E7A4F7556}") = "R5T.L0016", "..\..\R5T.L0016\source\R5T.L0016\R5T.L0016.csproj", "{8EC679ED-2702-45CF-A36B-3BAE377A9883}"
EndProject
Project("{9A19103F-16F7-4668-BE54-9A1E7A4F7556}") = "R5T.T0039.T002", "..\..\R5T.T0039\source\R5T.T0039.T002\R5T.T0039.T002.csproj", "{246A59B0-2F6D-4062-B9EE-35E31254BE4E}"
EndProject
Project("{9A19103F-16F7-4668-BE54-9A1E7A4F7556}") = "R5T.T0062.X001", "..\..\R5T.T0062\source\R5T.T0062.X001\R5T.T0062.X001.csproj", "{6981DDAA-8942-40FD-889B-A0824581B332}"
EndProject
Project("{9A19103F-16F7-4668-BE54-9A1E7A4F7556}") = "R5T.T0062", "..\..\R5T.T0062\source\R5T.T0062\R5T.T0062.csproj", "{19566BE6-4A40-402A-94E7-F3197F61ABCC}"
EndProject
Project("{9A19103F-16F7-4668-BE54-9A1E7A4F7556}") = "R5T.T0063", "..\..\R5T.T0063\source\R5T.T0063\R5T.T0063.csproj", "{3C8F4F86-3C2F-439B-BA93-BB0189C4B27D}"
EndProject
Project("{9A19103F-16F7-4668-BE54-9A1E7A4F7556}") = "R5T.T0143", "..\..\R5T.T0143\source\R5T.T0143\R5T.T0143.csproj", "{E17DD636-C040-4204-BF85-84371198F724}"
EndProject
Global
	GlobalSection(NestedProjects) = preSolution
		{3C0082FB-0F14-44E0-96D4-1580CD15B9E0} = {59A61D46-E5CC-4A9A-8C6C-700C17736201}
		{5BBEDE6A-FDA7-4135-BA04-43DF40D185B1} = {59A61D46-E5CC-4A9A-8C6C-700C17736201}
		{6DFF7C8B-2965-4CE7-90F5-56F3075BB923} = {59A61D46-E5CC-4A9A-8C6C-700C17736201}
		{152830F8-CE9E-4495-A254-66576A6D2F46} = {59A61D46-E5CC-4A9A-8C6C-700C17736201}
		{3A96B23B-C25E-4D91-9814-56D3AB7F2555} = {59A61D46-E5CC-4A9A-8C6C-700C17736201}
		{7BD821B4-EE55-4435-BB39-6DEEB75F09E5} = {59A61D46-E5CC-4A9A-8C6C-700C17736201}
		{641CC3ED-49BB-4DFB-9539-38DDC1CD7F77} = {59A61D46-E5CC-4A9A-8C6C-700C17736201}
		{BC5D8AD9-5815-4D7E-83E8-A2938221426B} = {59A61D46-E5CC-4A9A-8C6C-700C17736201}
		{8EC679ED-2702-45CF-A36B-3BAE377A9883} = {59A61D46-E5CC-4A9A-8C6C-700C17736201}
		{246A59B0-2F6D-4062-B9EE-35E31254BE4E} = {59A61D46-E5CC-4A9A-8C6C-700C17736201}
		{6981DDAA-8942-40FD-889B-A0824581B332} = {59A61D46-E5CC-4A9A-8C6C-700C17736201}
		{19566BE6-4A40-402A-94E7-F3197F61ABCC} = {59A61D46-E5CC-4A9A-8C6C-700C17736201}
		{3C8F4F86-3C2F-439B-BA93-BB0189C4B27D} = {59A61D46-E5CC-4A9A-8C6C-700C17736201}
		{E17DD636-C040-4204-BF85-84371198F724} = {59A61D46-E5CC-4A9A-8C6C-700C17736201}
	EndGlobalSection
	GlobalSection(SolutionConfigurationPlatforms) = preSolution
		Debug|Any CPU = Debug|Any CPU
		Debug|x64 = Debug|x64
		Debug|x86 = Debug|x86
		Release|Any CPU = Release|Any CPU
		Release|x64 = Release|x64
		Release|x86 = Release|x86
	EndGlobalSection
	GlobalSection(ProjectConfigurationPlatforms) = postSolution
		{13DE24E7-979D-44A5-A866-B772BFFF99DF}.Debug|Any CPU.ActiveCfg = Debug|Any CPU
		{13DE24E7-979D-44A5-A866-B772BFFF99DF}.Debug|Any CPU.Build.0 = Debug|Any CPU
		{13DE24E7-979D-44A5-A866-B772BFFF99DF}.Debug|x64.ActiveCfg = Debug|Any CPU
		{13DE24E7-979D-44A5-A866-B772BFFF99DF}.Debug|x64.Build.0 = Debug|Any CPU
		{13DE24E7-979D-44A5-A866-B772BFFF99DF}.Debug|x86.ActiveCfg = Debug|Any CPU
		{13DE24E7-979D-44A5-A866-B772BFFF99DF}.Debug|x86.Build.0 = Debug|Any CPU
		{13DE24E7-979D-44A5-A866-B772BFFF99DF}.Release|Any CPU.ActiveCfg = Release|Any CPU
		{13DE24E7-979D-44A5-A866-B772BFFF99DF}.Release|Any CPU.Build.0 = Release|Any CPU
		{13DE24E7-979D-44A5-A866-B772BFFF99DF}.Release|x64.ActiveCfg = Release|Any CPU
		{13DE24E7-979D-44A5-A866-B772BFFF99DF}.Release|x64.Build.0 = Release|Any CPU
		{13DE24E7-979D-44A5-A866-B772BFFF99DF}.Release|x86.ActiveCfg = Release|Any CPU
		{13DE24E7-979D-44A5-A866-B772BFFF99DF}.Release|x86.Build.0 = Release|Any CPU
		{F26AADE0-1D37-4AF8-A2E4-33DB16F453ED}.Debug|Any CPU.ActiveCfg = Debug|Any CPU
		{F26AADE0-1D37-4AF8-A2E4-33DB16F453ED}.Debug|Any CPU.Build.0 = Debug|Any CPU
		{F26AADE0-1D37-4AF8-A2E4-33DB16F453ED}.Debug|x64.ActiveCfg = Debug|Any CPU
		{F26AADE0-1D37-4AF8-A2E4-33DB16F453ED}.Debug|x64.Build.0 = Debug|Any CPU
		{F26AADE0-1D37-4AF8-A2E4-33DB16F453ED}.Debug|x86.ActiveCfg = Debug|Any CPU
		{F26AADE0-1D37-4AF8-A2E4-33DB16F453ED}.Debug|x86.Build.0 = Debug|Any CPU
		{F26AADE0-1D37-4AF8-A2E4-33DB16F453ED}.Release|Any CPU.ActiveCfg = Release|Any CPU
		{F26AADE0-1D37-4AF8-A2E4-33DB16F453ED}.Release|Any CPU.Build.0 = Release|Any CPU
		{F26AADE0-1D37-4AF8-A2E4-33DB16F453ED}.Release|x64.ActiveCfg = Release|Any CPU
		{F26AADE0-1D37-4AF8-A2E4-33DB16F453ED}.Release|x64.Build.0 = Release|Any CPU
		{F26AADE0-1D37-4AF8-A2E4-33DB16F453ED}.Release|x86.ActiveCfg = Release|Any CPU
		{F26AADE0-1D37-4AF8-A2E4-33DB16F453ED}.Release|x86.Build.0 = Release|Any CPU
		{3C0082FB-0F14-44E0-96D4-1580CD15B9E0}.Debug|Any CPU.ActiveCfg = Debug|Any CPU
		{3C0082FB-0F14-44E0-96D4-1580CD15B9E0}.Debug|Any CPU.Build.0 = Debug|Any CPU
		{3C0082FB-0F14-44E0-96D4-1580CD15B9E0}.Debug|x64.ActiveCfg = Debug|Any CPU
		{3C0082FB-0F14-44E0-96D4-1580CD15B9E0}.Debug|x64.Build.0 = Debug|Any CPU
		{3C0082FB-0F14-44E0-96D4-1580CD15B9E0}.Debug|x86.ActiveCfg = Debug|Any CPU
		{3C0082FB-0F14-44E0-96D4-1580CD15B9E0}.Debug|x86.Build.0 = Debug|Any CPU
		{3C0082FB-0F14-44E0-96D4-1580CD15B9E0}.Release|Any CPU.ActiveCfg = Release|Any CPU
		{3C0082FB-0F14-44E0-96D4-1580CD15B9E0}.Release|Any CPU.Build.0 = Release|Any CPU
		{3C0082FB-0F14-44E0-96D4-1580CD15B9E0}.Release|x64.ActiveCfg = Release|Any CPU
		{3C0082FB-0F14-44E0-96D4-1580CD15B9E0}.Release|x64.Build.0 = Release|Any CPU
		{3C0082FB-0F14-44E0-96D4-1580CD15B9E0}.Release|x86.ActiveCfg = Release|Any CPU
		{3C0082FB-0F14-44E0-96D4-1580CD15B9E0}.Release|x86.Build.0 = Release|Any CPU
		{5BBEDE6A-FDA7-4135-BA04-43DF40D185B1}.Debug|Any CPU.ActiveCfg = Debug|Any CPU
		{5BBEDE6A-FDA7-4135-BA04-43DF40D185B1}.Debug|Any CPU.Build.0 = Debug|Any CPU
		{5BBEDE6A-FDA7-4135-BA04-43DF40D185B1}.Debug|x64.ActiveCfg = Debug|Any CPU
		{5BBEDE6A-FDA7-4135-BA04-43DF40D185B1}.Debug|x64.Build.0 = Debug|Any CPU
		{5BBEDE6A-FDA7-4135-BA04-43DF40D185B1}.Debug|x86.ActiveCfg = Debug|Any CPU
		{5BBEDE6A-FDA7-4135-BA04-43DF40D185B1}.Debug|x86.Build.0 = Debug|Any CPU
		{5BBEDE6A-FDA7-4135-BA04-43DF40D185B1}.Release|Any CPU.ActiveCfg = Release|Any CPU
		{5BBEDE6A-FDA7-4135-BA04-43DF40D185B1}.Release|Any CPU.Build.0 = Release|Any CPU
		{5BBEDE6A-FDA7-4135-BA04-43DF40D185B1}.Release|x64.ActiveCfg = Release|Any CPU
		{5BBEDE6A-FDA7-4135-BA04-43DF40D185B1}.Release|x64.Build.0 = Release|Any CPU
		{5BBEDE6A-FDA7-4135-BA04-43DF40D185B1}.Release|x86.ActiveCfg = Release|Any CPU
		{5BBEDE6A-FDA7-4135-BA04-43DF40D185B1}.Release|x86.Build.0 = Release|Any CPU
		{6DFF7C8B-2965-4CE7-90F5-56F3075BB923}.Debug|Any CPU.ActiveCfg = Debug|Any CPU
		{6DFF7C8B-2965-4CE7-90F5-56F3075BB923}.Debug|Any CPU.Build.0 = Debug|Any CPU
		{6DFF7C8B-2965-4CE7-90F5-56F3075BB923}.Debug|x64.ActiveCfg = Debug|Any CPU
		{6DFF7C8B-2965-4CE7-90F5-56F3075BB923}.Debug|x64.Build.0 = Debug|Any CPU
		{6DFF7C8B-2965-4CE7-90F5-56F3075BB923}.Debug|x86.ActiveCfg = Debug|Any CPU
		{6DFF7C8B-2965-4CE7-90F5-56F3075BB923}.Debug|x86.Build.0 = Debug|Any CPU
		{6DFF7C8B-2965-4CE7-90F5-56F3075BB923}.Release|Any CPU.ActiveCfg = Release|Any CPU
		{6DFF7C8B-2965-4CE7-90F5-56F3075BB923}.Release|Any CPU.Build.0 = Release|Any CPU
		{6DFF7C8B-2965-4CE7-90F5-56F3075BB923}.Release|x64.ActiveCfg = Release|Any CPU
		{6DFF7C8B-2965-4CE7-90F5-56F3075BB923}.Release|x64.Build.0 = Release|Any CPU
		{6DFF7C8B-2965-4CE7-90F5-56F3075BB923}.Release|x86.ActiveCfg = Release|Any CPU
		{6DFF7C8B-2965-4CE7-90F5-56F3075BB923}.Release|x86.Build.0 = Release|Any CPU
		{152830F8-CE9E-4495-A254-66576A6D2F46}.Debug|Any CPU.ActiveCfg = Debug|Any CPU
		{152830F8-CE9E-4495-A254-66576A6D2F46}.Debug|Any CPU.Build.0 = Debug|Any CPU
		{152830F8-CE9E-4495-A254-66576A6D2F46}.Debug|x64.ActiveCfg = Debug|Any CPU
		{152830F8-CE9E-4495-A254-66576A6D2F46}.Debug|x64.Build.0 = Debug|Any CPU
		{152830F8-CE9E-4495-A254-66576A6D2F46}.Debug|x86.ActiveCfg = Debug|Any CPU
		{152830F8-CE9E-4495-A254-66576A6D2F46}.Debug|x86.Build.0 = Debug|Any CPU
		{152830F8-CE9E-4495-A254-66576A6D2F46}.Release|Any CPU.ActiveCfg = Release|Any CPU
		{152830F8-CE9E-4495-A254-66576A6D2F46}.Release|Any CPU.Build.0 = Release|Any CPU
		{152830F8-CE9E-4495-A254-66576A6D2F46}.Release|x64.ActiveCfg = Release|Any CPU
		{152830F8-CE9E-4495-A254-66576A6D2F46}.Release|x64.Build.0 = Release|Any CPU
		{152830F8-CE9E-4495-A254-66576A6D2F46}.Release|x86.ActiveCfg = Release|Any CPU
		{152830F8-CE9E-4495-A254-66576A6D2F46}.Release|x86.Build.0 = Release|Any CPU
		{3A96B23B-C25E-4D91-9814-56D3AB7F2555}.Debug|Any CPU.ActiveCfg = Debug|Any CPU
		{3A96B23B-C25E-4D91-9814-56D3AB7F2555}.Debug|Any CPU.Build.0 = Debug|Any CPU
		{3A96B23B-C25E-4D91-9814-56D3AB7F2555}.Debug|x64.ActiveCfg = Debug|Any CPU
		{3A96B23B-C25E-4D91-9814-56D3AB7F2555}.Debug|x64.Build.0 = Debug|Any CPU
		{3A96B23B-C25E-4D91-9814-56D3AB7F2555}.Debug|x86.ActiveCfg = Debug|Any CPU
		{3A96B23B-C25E-4D91-9814-56D3AB7F2555}.Debug|x86.Build.0 = Debug|Any CPU
		{3A96B23B-C25E-4D91-9814-56D3AB7F2555}.Release|Any CPU.ActiveCfg = Release|Any CPU
		{3A96B23B-C25E-4D91-9814-56D3AB7F2555}.Release|Any CPU.Build.0 = Release|Any CPU
		{3A96B23B-C25E-4D91-9814-56D3AB7F2555}.Release|x64.ActiveCfg = Release|Any CPU
		{3A96B23B-C25E-4D91-9814-56D3AB7F2555}.Release|x64.Build.0 = Release|Any CPU
		{3A96B23B-C25E-4D91-9814-56D3AB7F2555}.Release|x86.ActiveCfg = Release|Any CPU
		{3A96B23B-C25E-4D91-9814-56D3AB7F2555}.Release|x86.Build.0 = Release|Any CPU
		{7BD821B4-EE55-4435-BB39-6DEEB75F09E5}.Debug|Any CPU.ActiveCfg = Debug|Any CPU
		{7BD821B4-EE55-4435-BB39-6DEEB75F09E5}.Debug|Any CPU.Build.0 = Debug|Any CPU
		{7BD821B4-EE55-4435-BB39-6DEEB75F09E5}.Debug|x64.ActiveCfg = Debug|Any CPU
		{7BD821B4-EE55-4435-BB39-6DEEB75F09E5}.Debug|x64.Build.0 = Debug|Any CPU
		{7BD821B4-EE55-4435-BB39-6DEEB75F09E5}.Debug|x86.ActiveCfg = Debug|Any CPU
		{7BD821B4-EE55-4435-BB39-6DEEB75F09E5}.Debug|x86.Build.0 = Debug|Any CPU
		{7BD821B4-EE55-4435-BB39-6DEEB75F09E5}.Release|Any CPU.ActiveCfg = Release|Any CPU
		{7BD821B4-EE55-4435-BB39-6DEEB75F09E5}.Release|Any CPU.Build.0 = Release|Any CPU
		{7BD821B4-EE55-4435-BB39-6DEEB75F09E5}.Release|x64.ActiveCfg = Release|Any CPU
		{7BD821B4-EE55-4435-BB39-6DEEB75F09E5}.Release|x64.Build.0 = Release|Any CPU
		{7BD821B4-EE55-4435-BB39-6DEEB75F09E5}.Release|x86.ActiveCfg = Release|Any CPU
		{7BD821B4-EE55-4435-BB39-6DEEB75F09E5}.Release|x86.Build.0 = Release|Any CPU
		{641CC3ED-49BB-4DFB-9539-38DDC1CD7F77}.Debug|Any CPU.ActiveCfg = Debug|Any CPU
		{641CC3ED-49BB-4DFB-9539-38DDC1CD7F77}.Debug|Any CPU.Build.0 = Debug|Any CPU
		{641CC3ED-49BB-4DFB-9539-38DDC1CD7F77}.Debug|x64.ActiveCfg = Debug|Any CPU
		{641CC3ED-49BB-4DFB-9539-38DDC1CD7F77}.Debug|x64.Build.0 = Debug|Any CPU
		{641CC3ED-49BB-4DFB-9539-38DDC1CD7F77}.Debug|x86.ActiveCfg = Debug|Any CPU
		{641CC3ED-49BB-4DFB-9539-38DDC1CD7F77}.Debug|x86.Build.0 = Debug|Any CPU
		{641CC3ED-49BB-4DFB-9539-38DDC1CD7F77}.Release|Any CPU.ActiveCfg = Release|Any CPU
		{641CC3ED-49BB-4DFB-9539-38DDC1CD7F77}.Release|Any CPU.Build.0 = Release|Any CPU
		{641CC3ED-49BB-4DFB-9539-38DDC1CD7F77}.Release|x64.ActiveCfg = Release|Any CPU
		{641CC3ED-49BB-4DFB-9539-38DDC1CD7F77}.Release|x64.Build.0 = Release|Any CPU
		{641CC3ED-49BB-4DFB-9539-38DDC1CD7F77}.Release|x86.ActiveCfg = Release|Any CPU
		{641CC3ED-49BB-4DFB-9539-38DDC1CD7F77}.Release|x86.Build.0 = Release|Any CPU
		{BC5D8AD9-5815-4D7E-83E8-A2938221426B}.Debug|Any CPU.ActiveCfg = Debug|Any CPU
		{BC5D8AD9-5815-4D7E-83E8-A2938221426B}.Debug|Any CPU.Build.0 = Debug|Any CPU
		{BC5D8AD9-5815-4D7E-83E8-A2938221426B}.Debug|x64.ActiveCfg = Debug|Any CPU
		{BC5D8AD9-5815-4D7E-83E8-A2938221426B}.Debug|x64.Build.0 = Debug|Any CPU
		{BC5D8AD9-5815-4D7E-83E8-A2938221426B}.Debug|x86.ActiveCfg = Debug|Any CPU
		{BC5D8AD9-5815-4D7E-83E8-A2938221426B}.Debug|x86.Build.0 = Debug|Any CPU
		{BC5D8AD9-5815-4D7E-83E8-A2938221426B}.Release|Any CPU.ActiveCfg = Release|Any CPU
		{BC5D8AD9-5815-4D7E-83E8-A2938221426B}.Release|Any CPU.Build.0 = Release|Any CPU
		{BC5D8AD9-5815-4D7E-83E8-A2938221426B}.Release|x64.ActiveCfg = Release|Any CPU
		{BC5D8AD9-5815-4D7E-83E8-A2938221426B}.Release|x64.Build.0 = Release|Any CPU
		{BC5D8AD9-5815-4D7E-83E8-A2938221426B}.Release|x86.ActiveCfg = Release|Any CPU
		{BC5D8AD9-5815-4D7E-83E8-A2938221426B}.Release|x86.Build.0 = Release|Any CPU
		{8EC679ED-2702-45CF-A36B-3BAE377A9883}.Debug|Any CPU.ActiveCfg = Debug|Any CPU
		{8EC679ED-2702-45CF-A36B-3BAE377A9883}.Debug|Any CPU.Build.0 = Debug|Any CPU
		{8EC679ED-2702-45CF-A36B-3BAE377A9883}.Debug|x64.ActiveCfg = Debug|Any CPU
		{8EC679ED-2702-45CF-A36B-3BAE377A9883}.Debug|x64.Build.0 = Debug|Any CPU
		{8EC679ED-2702-45CF-A36B-3BAE377A9883}.Debug|x86.ActiveCfg = Debug|Any CPU
		{8EC679ED-2702-45CF-A36B-3BAE377A9883}.Debug|x86.Build.0 = Debug|Any CPU
		{8EC679ED-2702-45CF-A36B-3BAE377A9883}.Release|Any CPU.ActiveCfg = Release|Any CPU
		{8EC679ED-2702-45CF-A36B-3BAE377A9883}.Release|Any CPU.Build.0 = Release|Any CPU
		{8EC679ED-2702-45CF-A36B-3BAE377A9883}.Release|x64.ActiveCfg = Release|Any CPU
		{8EC679ED-2702-45CF-A36B-3BAE377A9883}.Release|x64.Build.0 = Release|Any CPU
		{8EC679ED-2702-45CF-A36B-3BAE377A9883}.Release|x86.ActiveCfg = Release|Any CPU
		{8EC679ED-2702-45CF-A36B-3BAE377A9883}.Release|x86.Build.0 = Release|Any CPU
		{246A59B0-2F6D-4062-B9EE-35E31254BE4E}.Debug|Any CPU.ActiveCfg = Debug|Any CPU
		{246A59B0-2F6D-4062-B9EE-35E31254BE4E}.Debug|Any CPU.Build.0 = Debug|Any CPU
		{246A59B0-2F6D-4062-B9EE-35E31254BE4E}.Debug|x64.ActiveCfg = Debug|Any CPU
		{246A59B0-2F6D-4062-B9EE-35E31254BE4E}.Debug|x64.Build.0 = Debug|Any CPU
		{246A59B0-2F6D-4062-B9EE-35E31254BE4E}.Debug|x86.ActiveCfg = Debug|Any CPU
		{246A59B0-2F6D-4062-B9EE-35E31254BE4E}.Debug|x86.Build.0 = Debug|Any CPU
		{246A59B0-2F6D-4062-B9EE-35E31254BE4E}.Release|Any CPU.ActiveCfg = Release|Any CPU
		{246A59B0-2F6D-4062-B9EE-35E31254BE4E}.Release|Any CPU.Build.0 = Release|Any CPU
		{246A59B0-2F6D-4062-B9EE-35E31254BE4E}.Release|x64.ActiveCfg = Release|Any CPU
		{246A59B0-2F6D-4062-B9EE-35E31254BE4E}.Release|x64.Build.0 = Release|Any CPU
		{246A59B0-2F6D-4062-B9EE-35E31254BE4E}.Release|x86.ActiveCfg = Release|Any CPU
		{246A59B0-2F6D-4062-B9EE-35E31254BE4E}.Release|x86.Build.0 = Release|Any CPU
		{6981DDAA-8942-40FD-889B-A0824581B332}.Debug|Any CPU.ActiveCfg = Debug|Any CPU
		{6981DDAA-8942-40FD-889B-A0824581B332}.Debug|Any CPU.Build.0 = Debug|Any CPU
		{6981DDAA-8942-40FD-889B-A0824581B332}.Debug|x64.ActiveCfg = Debug|Any CPU
		{6981DDAA-8942-40FD-889B-A0824581B332}.Debug|x64.Build.0 = Debug|Any CPU
		{6981DDAA-8942-40FD-889B-A0824581B332}.Debug|x86.ActiveCfg = Debug|Any CPU
		{6981DDAA-8942-40FD-889B-A0824581B332}.Debug|x86.Build.0 = Debug|Any CPU
		{6981DDAA-8942-40FD-889B-A0824581B332}.Release|Any CPU.ActiveCfg = Release|Any CPU
		{6981DDAA-8942-40FD-889B-A0824581B332}.Release|Any CPU.Build.0 = Release|Any CPU
		{6981DDAA-8942-40FD-889B-A0824581B332}.Release|x64.ActiveCfg = Release|Any CPU
		{6981DDAA-8942-40FD-889B-A0824581B332}.Release|x64.Build.0 = Release|Any CPU
		{6981DDAA-8942-40FD-889B-A0824581B332}.Release|x86.ActiveCfg = Release|Any CPU
		{6981DDAA-8942-40FD-889B-A0824581B332}.Release|x86.Build.0 = Release|Any CPU
		{19566BE6-4A40-402A-94E7-F3197F61ABCC}.Debug|Any CPU.ActiveCfg = Debug|Any CPU
		{19566BE6-4A40-402A-94E7-F3197F61ABCC}.Debug|Any CPU.Build.0 = Debug|Any CPU
		{19566BE6-4A40-402A-94E7-F3197F61ABCC}.Debug|x64.ActiveCfg = Debug|Any CPU
		{19566BE6-4A40-402A-94E7-F3197F61ABCC}.Debug|x64.Build.0 = Debug|Any CPU
		{19566BE6-4A40-402A-94E7-F3197F61ABCC}.Debug|x86.ActiveCfg = Debug|Any CPU
		{19566BE6-4A40-402A-94E7-F3197F61ABCC}.Debug|x86.Build.0 = Debug|Any CPU
		{19566BE6-4A40-402A-94E7-F3197F61ABCC}.Release|Any CPU.ActiveCfg = Release|Any CPU
		{19566BE6-4A40-402A-94E7-F3197F61ABCC}.Release|Any CPU.Build.0 = Release|Any CPU
		{19566BE6-4A40-402A-94E7-F3197F61ABCC}.Release|x64.ActiveCfg = Release|Any CPU
		{19566BE6-4A40-402A-94E7-F3197F61ABCC}.Release|x64.Build.0 = Release|Any CPU
		{19566BE6-4A40-402A-94E7-F3197F61ABCC}.Release|x86.ActiveCfg = Release|Any CPU
		{19566BE6-4A40-402A-94E7-F3197F61ABCC}.Release|x86.Build.0 = Release|Any CPU
		{3C8F4F86-3C2F-439B-BA93-BB0189C4B27D}.Debug|Any CPU.ActiveCfg = Debug|Any CPU
		{3C8F4F86-3C2F-439B-BA93-BB0189C4B27D}.Debug|Any CPU.Build.0 = Debug|Any CPU
		{3C8F4F86-3C2F-439B-BA93-BB0189C4B27D}.Debug|x64.ActiveCfg = Debug|Any CPU
		{3C8F4F86-3C2F-439B-BA93-BB0189C4B27D}.Debug|x64.Build.0 = Debug|Any CPU
		{3C8F4F86-3C2F-439B-BA93-BB0189C4B27D}.Debug|x86.ActiveCfg = Debug|Any CPU
		{3C8F4F86-3C2F-439B-BA93-BB0189C4B27D}.Debug|x86.Build.0 = Debug|Any CPU
		{3C8F4F86-3C2F-439B-BA93-BB0189C4B27D}.Release|Any CPU.ActiveCfg = Release|Any CPU
		{3C8F4F86-3C2F-439B-BA93-BB0189C4B27D}.Release|Any CPU.Build.0 = Release|Any CPU
		{3C8F4F86-3C2F-439B-BA93-BB0189C4B27D}.Release|x64.ActiveCfg = Release|Any CPU
		{3C8F4F86-3C2F-439B-BA93-BB0189C4B27D}.Release|x64.Build.0 = Release|Any CPU
		{3C8F4F86-3C2F-439B-BA93-BB0189C4B27D}.Release|x86.ActiveCfg = Release|Any CPU
		{3C8F4F86-3C2F-439B-BA93-BB0189C4B27D}.Release|x86.Build.0 = Release|Any CPU
		{E17DD636-C040-4204-BF85-84371198F724}.Debug|Any CPU.ActiveCfg = Debug|Any CPU
		{E17DD636-C040-4204-BF85-84371198F724}.Debug|Any CPU.Build.0 = Debug|Any CPU
		{E17DD636-C040-4204-BF85-84371198F724}.Debug|x64.ActiveCfg = Debug|Any CPU
		{E17DD636-C040-4204-BF85-84371198F724}.Debug|x64.Build.0 = Debug|Any CPU
		{E17DD636-C040-4204-BF85-84371198F724}.Debug|x86.ActiveCfg = Debug|Any CPU
		{E17DD636-C040-4204-BF85-84371198F724}.Debug|x86.Build.0 = Debug|Any CPU
		{E17DD636-C040-4204-BF85-84371198F724}.Release|Any CPU.ActiveCfg = Release|Any CPU
		{E17DD636-C040-4204-BF85-84371198F724}.Release|Any CPU.Build.0 = Release|Any CPU
		{E17DD636-C040-4204-BF85-84371198F724}.Release|x64.ActiveCfg = Release|Any CPU
		{E17DD636-C040-4204-BF85-84371198F724}.Release|x64.Build.0 = Release|Any CPU
		{E17DD636-C040-4204-BF85-84371198F724}.Release|x86.ActiveCfg = Release|Any CPU
		{E17DD636-C040-4204-BF85-84371198F724}.Release|x86.Build.0 = Release|Any CPU
	EndGlobalSection
	GlobalSection(SolutionProperties) = preSolution
		HideSolutionNode = FALSE
	EndGlobalSection
EndGlobal
